
Microsoft Visual Studio Solution File, Format Version 12.00
# Visual Studio Version 16
VisualStudioVersion = 16.0.29613.14
MinimumVisualStudioVersion = 10.0.40219.1
Project("{8BC9CEB8-8B4A-11D0-8D11-00A0C91BC942}") = "swea.1208 1일차 - Flatten", "swea.1208 1일차 - Flatten.vcxproj", "{74C74777-3233-4F1F-AE3C-CBED00BA7F15}"
EndProject
Global
	GlobalSection(SolutionConfigurationPlatforms) = preSolution
		Debug|x64 = Debug|x64
		Debug|x86 = Debug|x86
		Release|x64 = Release|x64
		Release|x86 = Release|x86
	EndGlobalSection
	GlobalSection(ProjectConfigurationPlatforms) = postSolution
		{74C74777-3233-4F1F-AE3C-CBED00BA7F15}.Debug|x64.ActiveCfg = Debug|x64
		{74C74777-3233-4F1F-AE3C-CBED00BA7F15}.Debug|x64.Build.0 = Debug|x64
		{74C74777-3233-4F1F-AE3C-CBED00BA7F15}.Debug|x86.ActiveCfg = Debug|Win32
		{74C74777-3233-4F1F-AE3C-CBED00BA7F15}.Debug|x86.Build.0 = Debug|Win32
		{74C74777-3233-4F1F-AE3C-CBED00BA7F15}.Release|x64.ActiveCfg = Release|x64
		{74C74777-3233-4F1F-AE3C-CBED00BA7F15}.Release|x64.Build.0 = Release|x64
		{74C74777-3233-4F1F-AE3C-CBED00BA7F15}.Release|x86.ActiveCfg = Release|Win32
		{74C74777-3233-4F1F-AE3C-CBED00BA7F15}.Release|x86.Build.0 = Release|Win32
	EndGlobalSection
	GlobalSection(SolutionProperties) = preSolution
		HideSolutionNode = FALSE
	EndGlobalSection
	GlobalSection(ExtensibilityGlobals) = postSolution
		SolutionGuid = {7E250781-5F3B-4731-B75B-AFFE4B89F505}
	EndGlobalSection
EndGlobal
